
Microsoft Visual Studio Solution File, Format Version 12.00
# Visual Studio Version 16
VisualStudioVersion = 16.0.32413.119
MinimumVisualStudioVersion = 10.0.40219.1
Project("{FAE04EC0-301F-11D3-BF4B-00C04F79EFBC}") = "csharp_progs", "csharp_progs\csharp_progs.csproj", "{9616AAD3-D7F9-42CB-B530-17E3A7745DF3}"
EndProject
Global
	GlobalSection(SolutionConfigurationPlatforms) = preSolution
		Debug|Any CPU = Debug|Any CPU
		Release|Any CPU = Release|Any CPU
	EndGlobalSection
	GlobalSection(ProjectConfigurationPlatforms) = postSolution
		{9616AAD3-D7F9-42CB-B530-17E3A7745DF3}.Debug|Any CPU.ActiveCfg = Debug|Any CPU
		{9616AAD3-D7F9-42CB-B530-17E3A7745DF3}.Debug|Any CPU.Build.0 = Debug|Any CPU
		{9616AAD3-D7F9-42CB-B530-17E3A7745DF3}.Release|Any CPU.ActiveCfg = Release|Any CPU
		{9616AAD3-D7F9-42CB-B530-17E3A7745DF3}.Release|Any CPU.Build.0 = Release|Any CPU
	EndGlobalSection
	GlobalSection(SolutionProperties) = preSolution
		HideSolutionNode = FALSE
	EndGlobalSection
	GlobalSection(ExtensibilityGlobals) = postSolution
		SolutionGuid = {7AB2D3EC-6B57-4F7C-8E32-1818084C8B53}
	EndGlobalSection
EndGlobal
