
Microsoft Visual Studio Solution File, Format Version 12.00
# Visual Studio Version 17
VisualStudioVersion = 17.10.35027.167
MinimumVisualStudioVersion = 10.0.40219.1
Project("{9A19103F-16F7-4668-BE54-9A1E7A4F7556}") = "Program_01_StaticField", "Program_1_StaticField\Program_01_StaticField.csproj", "{1ABB3C80-AA4D-43F6-83D5-5165FD5A522A}"
EndProject
Project("{9A19103F-16F7-4668-BE54-9A1E7A4F7556}") = "Program_02_Encapsulation", "Program_2_Encapsulation\Program_02_Encapsulation.csproj", "{00D8C4CE-FF57-4399-95F1-34AE74E09576}"
EndProject
Project("{9A19103F-16F7-4668-BE54-9A1E7A4F7556}") = "Program_03_refParameterModifier", "Program_3_refParameterModifier\Program_03_refParameterModifier.csproj", "{EC81F773-D961-4025-BDD2-F5E024E97D0A}"
EndProject
Project("{9A19103F-16F7-4668-BE54-9A1E7A4F7556}") = "Program_04_refParameterModifier_2", "Program_4_refParameterModifier_2\Program_04_refParameterModifier_2.csproj", "{AABA69A8-5559-44CC-A31F-0A0EED93CD23}"
EndProject
Project("{9A19103F-16F7-4668-BE54-9A1E7A4F7556}") = "Program_05_outParameterModifier", "Program_5_outParameterModifier\Program_05_outParameterModifier.csproj", "{EE1231E5-43BD-452D-B742-B587B2A6A5B7}"
EndProject
Project("{9A19103F-16F7-4668-BE54-9A1E7A4F7556}") = "Program_06_ParameterizedConstructor", "Program_6_ParameterizedConstructor\Program_06_ParameterizedConstructor.csproj", "{40C0DD07-BB77-4894-BB20-2C00D1419D6A}"
EndProject
Project("{9A19103F-16F7-4668-BE54-9A1E7A4F7556}") = "Program_07_StaticConstructor", "Program_7_StaticConstructor\Program_07_StaticConstructor.csproj", "{BD763B02-64EC-44F7-9828-CED28D6E8A40}"
EndProject
Project("{9A19103F-16F7-4668-BE54-9A1E7A4F7556}") = "Program_08_ConstuctorChaining", "Program_8_ConstuctorChaining\Program_08_ConstuctorChaining.csproj", "{EDAB778B-9ECA-4100-BE81-6ED208068EAD}"
EndProject
Project("{9A19103F-16F7-4668-BE54-9A1E7A4F7556}") = "Program_09_GetterSetter", "Program_9_GetterSetter\Program_09_GetterSetter.csproj", "{BB7840A5-D234-4191-BF4B-7A1EB7F14B09}"
EndProject
Project("{9A19103F-16F7-4668-BE54-9A1E7A4F7556}") = "Program_10_ReadOnlyProperty", "Program_10_ReadOnlyProperty\Program_10_ReadOnlyProperty.csproj", "{ED27EB66-2C62-4037-828F-3960FB17082C}"
EndProject
Project("{9A19103F-16F7-4668-BE54-9A1E7A4F7556}") = "Program_11_WriteOnlyProperty", "Program_11_WriteOnlyProperty\Program_11_WriteOnlyProperty.csproj", "{3DF5D41F-9644-4868-8DC8-61C435CAB7AF}"
EndProject
Project("{9A19103F-16F7-4668-BE54-9A1E7A4F7556}") = "Program_12_BaseKeyword", "Program_12_BaseKeyword\Program_12_BaseKeyword.csproj", "{6E9EBE93-4152-44E6-99EC-10CAF72B0016}"
EndProject
Project("{9A19103F-16F7-4668-BE54-9A1E7A4F7556}") = "Program_13_StructureExample", "Project_13_StructureExample\Program_13_StructureExample.csproj", "{82B43E00-DD40-4E10-883E-2603E7945AA2}"
EndProject
Project("{9A19103F-16F7-4668-BE54-9A1E7A4F7556}") = "Program_14_GenericClassExample", "Program_14_GenericClassExample\Program_14_GenericClassExample.csproj", "{26F750F5-9F71-4D27-899B-644500AFFF02}"
EndProject
Project("{9A19103F-16F7-4668-BE54-9A1E7A4F7556}") = "Program_15_ExtensionMethod", "Program_15_ExtensionMethod\Program_15_ExtensionMethod.csproj", "{7670A28B-F6CA-4421-AEE0-27548B837E63}"
EndProject
Project("{9A19103F-16F7-4668-BE54-9A1E7A4F7556}") = "Program_16_SingleCastDelegate", "Program_16_SingleCastDelegate\Program_16_SingleCastDelegate.csproj", "{1D2A6FEF-EB55-4A67-9066-786077BDAE20}"
EndProject
Project("{9A19103F-16F7-4668-BE54-9A1E7A4F7556}") = "Program_17_MultiCastDelegate", "Program_17_MultiCastDelegate\Program_17_MultiCastDelegate.csproj", "{164C5B16-96DA-406E-89A1-7A8B0B646FBD}"
EndProject
Project("{9A19103F-16F7-4668-BE54-9A1E7A4F7556}") = "Program_18_Events", "Program_18_Events\Program_18_Events.csproj", "{FDADA7AD-F667-4782-8E97-75EC0F2AC137}"
EndProject
Project("{9A19103F-16F7-4668-BE54-9A1E7A4F7556}") = "Program_19_FuncDelegate", "Program_19_FuncDelegate\Program_19_FuncDelegate.csproj", "{4A1A10B0-70EB-44E4-9DA3-5662D6F83F7E}"
EndProject
Project("{9A19103F-16F7-4668-BE54-9A1E7A4F7556}") = "Program_20_ArrayIndexOf", "Program_20_ArrayIndexOf\Program_20_ArrayIndexOf.csproj", "{238BB22D-6FA1-4B81-B6D7-C317FACE748C}"
EndProject
Project("{9A19103F-16F7-4668-BE54-9A1E7A4F7556}") = "Program_21_ListCollection", "Program_21_ListCollection\Program_21_ListCollection.csproj", "{162FA01C-C847-4CAA-B66E-5CFE5F3A8E42}"
EndProject
Project("{9A19103F-16F7-4668-BE54-9A1E7A4F7556}") = "Program_22_DictionaryCollection", "Program_22_DictionaryCollection\Program_22_DictionaryCollection.csproj", "{BD3451C8-F0D9-4A81-81E9-A21C62242835}"
EndProject
Project("{9A19103F-16F7-4668-BE54-9A1E7A4F7556}") = "Program_23_SortedListCollection", "Program_23_SortedListCollection\Program_23_SortedListCollection.csproj", "{C68FD32C-438E-4D22-89EE-C9115123F288}"
EndProject
Project("{9A19103F-16F7-4668-BE54-9A1E7A4F7556}") = "Program_24_HashSetCollection", "Program_24_HashSetCollection\Program_24_HashSetCollection.csproj", "{0456C1E2-AD15-4FC9-A3EE-94E67AF6AC08}"
EndProject
Project("{9A19103F-16F7-4668-BE54-9A1E7A4F7556}") = "Program_25_StackCollection", "Program_25_StackCollection\Program_25_StackCollection.csproj", "{25B8FEF7-E78F-4C44-AEE6-BFC3CEBD55C8}"
EndProject
Project("{9A19103F-16F7-4668-BE54-9A1E7A4F7556}") = "Program_26_CustomCollection", "Program_26_CustomCollection\Program_26_CustomCollection.csproj", "{61D89B9C-5853-4EE6-9DEB-B4A180B8F4E9}"
EndProject
Project("{FAE04EC0-301F-11D3-BF4B-00C04F79EFBC}") = "Program_27_ValueTuple", "Program_27_ValueTuple\Program_27_ValueTuple.csproj", "{A060D053-DB93-46CA-9F73-433359D66B5A}"
EndProject
Project("{FAE04EC0-301F-11D3-BF4B-00C04F79EFBC}") = "Program_28_Linq", "Program_28_Linq\Program_28_Linq.csproj", "{EFD06BFB-7C0E-4221-84AF-F5E75DE0F8B7}"
EndProject
Project("{FAE04EC0-301F-11D3-BF4B-00C04F79EFBC}") = "Program_29_String", "Program_29_String\Program_29_String.csproj", "{2C3B2BFF-1C9C-4292-BE56-197414C7D85F}"
EndProject
Project("{FAE04EC0-301F-11D3-BF4B-00C04F79EFBC}") = "Program_30_StringBuilder", "Program_30_StringBuilder\Program_30_StringBuilder.csproj", "{F457F8BC-F205-4FDC-9924-108FADA794EE}"
EndProject
Global
	GlobalSection(SolutionConfigurationPlatforms) = preSolution
		Debug|Any CPU = Debug|Any CPU
		Release|Any CPU = Release|Any CPU
	EndGlobalSection
	GlobalSection(ProjectConfigurationPlatforms) = postSolution
		{1ABB3C80-AA4D-43F6-83D5-5165FD5A522A}.Debug|Any CPU.ActiveCfg = Debug|Any CPU
		{1ABB3C80-AA4D-43F6-83D5-5165FD5A522A}.Debug|Any CPU.Build.0 = Debug|Any CPU
		{1ABB3C80-AA4D-43F6-83D5-5165FD5A522A}.Release|Any CPU.ActiveCfg = Release|Any CPU
		{1ABB3C80-AA4D-43F6-83D5-5165FD5A522A}.Release|Any CPU.Build.0 = Release|Any CPU
		{00D8C4CE-FF57-4399-95F1-34AE74E09576}.Debug|Any CPU.ActiveCfg = Debug|Any CPU
		{00D8C4CE-FF57-4399-95F1-34AE74E09576}.Debug|Any CPU.Build.0 = Debug|Any CPU
		{00D8C4CE-FF57-4399-95F1-34AE74E09576}.Release|Any CPU.ActiveCfg = Release|Any CPU
		{00D8C4CE-FF57-4399-95F1-34AE74E09576}.Release|Any CPU.Build.0 = Release|Any CPU
		{EC81F773-D961-4025-BDD2-F5E024E97D0A}.Debug|Any CPU.ActiveCfg = Debug|Any CPU
		{EC81F773-D961-4025-BDD2-F5E024E97D0A}.Debug|Any CPU.Build.0 = Debug|Any CPU
		{EC81F773-D961-4025-BDD2-F5E024E97D0A}.Release|Any CPU.ActiveCfg = Release|Any CPU
		{EC81F773-D961-4025-BDD2-F5E024E97D0A}.Release|Any CPU.Build.0 = Release|Any CPU
		{AABA69A8-5559-44CC-A31F-0A0EED93CD23}.Debug|Any CPU.ActiveCfg = Debug|Any CPU
		{AABA69A8-5559-44CC-A31F-0A0EED93CD23}.Debug|Any CPU.Build.0 = Debug|Any CPU
		{AABA69A8-5559-44CC-A31F-0A0EED93CD23}.Release|Any CPU.ActiveCfg = Release|Any CPU
		{AABA69A8-5559-44CC-A31F-0A0EED93CD23}.Release|Any CPU.Build.0 = Release|Any CPU
		{EE1231E5-43BD-452D-B742-B587B2A6A5B7}.Debug|Any CPU.ActiveCfg = Debug|Any CPU
		{EE1231E5-43BD-452D-B742-B587B2A6A5B7}.Debug|Any CPU.Build.0 = Debug|Any CPU
		{EE1231E5-43BD-452D-B742-B587B2A6A5B7}.Release|Any CPU.ActiveCfg = Release|Any CPU
		{EE1231E5-43BD-452D-B742-B587B2A6A5B7}.Release|Any CPU.Build.0 = Release|Any CPU
		{40C0DD07-BB77-4894-BB20-2C00D1419D6A}.Debug|Any CPU.ActiveCfg = Debug|Any CPU
		{40C0DD07-BB77-4894-BB20-2C00D1419D6A}.Debug|Any CPU.Build.0 = Debug|Any CPU
		{40C0DD07-BB77-4894-BB20-2C00D1419D6A}.Release|Any CPU.ActiveCfg = Release|Any CPU
		{40C0DD07-BB77-4894-BB20-2C00D1419D6A}.Release|Any CPU.Build.0 = Release|Any CPU
		{BD763B02-64EC-44F7-9828-CED28D6E8A40}.Debug|Any CPU.ActiveCfg = Debug|Any CPU
		{BD763B02-64EC-44F7-9828-CED28D6E8A40}.Debug|Any CPU.Build.0 = Debug|Any CPU
		{BD763B02-64EC-44F7-9828-CED28D6E8A40}.Release|Any CPU.ActiveCfg = Release|Any CPU
		{BD763B02-64EC-44F7-9828-CED28D6E8A40}.Release|Any CPU.Build.0 = Release|Any CPU
		{EDAB778B-9ECA-4100-BE81-6ED208068EAD}.Debug|Any CPU.ActiveCfg = Debug|Any CPU
		{EDAB778B-9ECA-4100-BE81-6ED208068EAD}.Debug|Any CPU.Build.0 = Debug|Any CPU
		{EDAB778B-9ECA-4100-BE81-6ED208068EAD}.Release|Any CPU.ActiveCfg = Release|Any CPU
		{EDAB778B-9ECA-4100-BE81-6ED208068EAD}.Release|Any CPU.Build.0 = Release|Any CPU
		{BB7840A5-D234-4191-BF4B-7A1EB7F14B09}.Debug|Any CPU.ActiveCfg = Debug|Any CPU
		{BB7840A5-D234-4191-BF4B-7A1EB7F14B09}.Debug|Any CPU.Build.0 = Debug|Any CPU
		{BB7840A5-D234-4191-BF4B-7A1EB7F14B09}.Release|Any CPU.ActiveCfg = Release|Any CPU
		{BB7840A5-D234-4191-BF4B-7A1EB7F14B09}.Release|Any CPU.Build.0 = Release|Any CPU
		{ED27EB66-2C62-4037-828F-3960FB17082C}.Debug|Any CPU.ActiveCfg = Debug|Any CPU
		{ED27EB66-2C62-4037-828F-3960FB17082C}.Debug|Any CPU.Build.0 = Debug|Any CPU
		{ED27EB66-2C62-4037-828F-3960FB17082C}.Release|Any CPU.ActiveCfg = Release|Any CPU
		{ED27EB66-2C62-4037-828F-3960FB17082C}.Release|Any CPU.Build.0 = Release|Any CPU
		{3DF5D41F-9644-4868-8DC8-61C435CAB7AF}.Debug|Any CPU.ActiveCfg = Debug|Any CPU
		{3DF5D41F-9644-4868-8DC8-61C435CAB7AF}.Debug|Any CPU.Build.0 = Debug|Any CPU
		{3DF5D41F-9644-4868-8DC8-61C435CAB7AF}.Release|Any CPU.ActiveCfg = Release|Any CPU
		{3DF5D41F-9644-4868-8DC8-61C435CAB7AF}.Release|Any CPU.Build.0 = Release|Any CPU
		{6E9EBE93-4152-44E6-99EC-10CAF72B0016}.Debug|Any CPU.ActiveCfg = Debug|Any CPU
		{6E9EBE93-4152-44E6-99EC-10CAF72B0016}.Debug|Any CPU.Build.0 = Debug|Any CPU
		{6E9EBE93-4152-44E6-99EC-10CAF72B0016}.Release|Any CPU.ActiveCfg = Release|Any CPU
		{6E9EBE93-4152-44E6-99EC-10CAF72B0016}.Release|Any CPU.Build.0 = Release|Any CPU
		{82B43E00-DD40-4E10-883E-2603E7945AA2}.Debug|Any CPU.ActiveCfg = Debug|Any CPU
		{82B43E00-DD40-4E10-883E-2603E7945AA2}.Debug|Any CPU.Build.0 = Debug|Any CPU
		{82B43E00-DD40-4E10-883E-2603E7945AA2}.Release|Any CPU.ActiveCfg = Release|Any CPU
		{82B43E00-DD40-4E10-883E-2603E7945AA2}.Release|Any CPU.Build.0 = Release|Any CPU
		{26F750F5-9F71-4D27-899B-644500AFFF02}.Debug|Any CPU.ActiveCfg = Debug|Any CPU
		{26F750F5-9F71-4D27-899B-644500AFFF02}.Debug|Any CPU.Build.0 = Debug|Any CPU
		{26F750F5-9F71-4D27-899B-644500AFFF02}.Release|Any CPU.ActiveCfg = Release|Any CPU
		{26F750F5-9F71-4D27-899B-644500AFFF02}.Release|Any CPU.Build.0 = Release|Any CPU
		{7670A28B-F6CA-4421-AEE0-27548B837E63}.Debug|Any CPU.ActiveCfg = Debug|Any CPU
		{7670A28B-F6CA-4421-AEE0-27548B837E63}.Debug|Any CPU.Build.0 = Debug|Any CPU
		{7670A28B-F6CA-4421-AEE0-27548B837E63}.Release|Any CPU.ActiveCfg = Release|Any CPU
		{7670A28B-F6CA-4421-AEE0-27548B837E63}.Release|Any CPU.Build.0 = Release|Any CPU
		{1D2A6FEF-EB55-4A67-9066-786077BDAE20}.Debug|Any CPU.ActiveCfg = Debug|Any CPU
		{1D2A6FEF-EB55-4A67-9066-786077BDAE20}.Debug|Any CPU.Build.0 = Debug|Any CPU
		{1D2A6FEF-EB55-4A67-9066-786077BDAE20}.Release|Any CPU.ActiveCfg = Release|Any CPU
		{1D2A6FEF-EB55-4A67-9066-786077BDAE20}.Release|Any CPU.Build.0 = Release|Any CPU
		{164C5B16-96DA-406E-89A1-7A8B0B646FBD}.Debug|Any CPU.ActiveCfg = Debug|Any CPU
		{164C5B16-96DA-406E-89A1-7A8B0B646FBD}.Debug|Any CPU.Build.0 = Debug|Any CPU
		{164C5B16-96DA-406E-89A1-7A8B0B646FBD}.Release|Any CPU.ActiveCfg = Release|Any CPU
		{164C5B16-96DA-406E-89A1-7A8B0B646FBD}.Release|Any CPU.Build.0 = Release|Any CPU
		{FDADA7AD-F667-4782-8E97-75EC0F2AC137}.Debug|Any CPU.ActiveCfg = Debug|Any CPU
		{FDADA7AD-F667-4782-8E97-75EC0F2AC137}.Debug|Any CPU.Build.0 = Debug|Any CPU
		{FDADA7AD-F667-4782-8E97-75EC0F2AC137}.Release|Any CPU.ActiveCfg = Release|Any CPU
		{FDADA7AD-F667-4782-8E97-75EC0F2AC137}.Release|Any CPU.Build.0 = Release|Any CPU
		{4A1A10B0-70EB-44E4-9DA3-5662D6F83F7E}.Debug|Any CPU.ActiveCfg = Debug|Any CPU
		{4A1A10B0-70EB-44E4-9DA3-5662D6F83F7E}.Debug|Any CPU.Build.0 = Debug|Any CPU
		{4A1A10B0-70EB-44E4-9DA3-5662D6F83F7E}.Release|Any CPU.ActiveCfg = Release|Any CPU
		{4A1A10B0-70EB-44E4-9DA3-5662D6F83F7E}.Release|Any CPU.Build.0 = Release|Any CPU
		{238BB22D-6FA1-4B81-B6D7-C317FACE748C}.Debug|Any CPU.ActiveCfg = Debug|Any CPU
		{238BB22D-6FA1-4B81-B6D7-C317FACE748C}.Debug|Any CPU.Build.0 = Debug|Any CPU
		{238BB22D-6FA1-4B81-B6D7-C317FACE748C}.Release|Any CPU.ActiveCfg = Release|Any CPU
		{238BB22D-6FA1-4B81-B6D7-C317FACE748C}.Release|Any CPU.Build.0 = Release|Any CPU
		{162FA01C-C847-4CAA-B66E-5CFE5F3A8E42}.Debug|Any CPU.ActiveCfg = Debug|Any CPU
		{162FA01C-C847-4CAA-B66E-5CFE5F3A8E42}.Debug|Any CPU.Build.0 = Debug|Any CPU
		{162FA01C-C847-4CAA-B66E-5CFE5F3A8E42}.Release|Any CPU.ActiveCfg = Release|Any CPU
		{162FA01C-C847-4CAA-B66E-5CFE5F3A8E42}.Release|Any CPU.Build.0 = Release|Any CPU
		{BD3451C8-F0D9-4A81-81E9-A21C62242835}.Debug|Any CPU.ActiveCfg = Debug|Any CPU
		{BD3451C8-F0D9-4A81-81E9-A21C62242835}.Debug|Any CPU.Build.0 = Debug|Any CPU
		{BD3451C8-F0D9-4A81-81E9-A21C62242835}.Release|Any CPU.ActiveCfg = Release|Any CPU
		{BD3451C8-F0D9-4A81-81E9-A21C62242835}.Release|Any CPU.Build.0 = Release|Any CPU
		{C68FD32C-438E-4D22-89EE-C9115123F288}.Debug|Any CPU.ActiveCfg = Debug|Any CPU
		{C68FD32C-438E-4D22-89EE-C9115123F288}.Debug|Any CPU.Build.0 = Debug|Any CPU
		{C68FD32C-438E-4D22-89EE-C9115123F288}.Release|Any CPU.ActiveCfg = Release|Any CPU
		{C68FD32C-438E-4D22-89EE-C9115123F288}.Release|Any CPU.Build.0 = Release|Any CPU
		{0456C1E2-AD15-4FC9-A3EE-94E67AF6AC08}.Debug|Any CPU.ActiveCfg = Debug|Any CPU
		{0456C1E2-AD15-4FC9-A3EE-94E67AF6AC08}.Debug|Any CPU.Build.0 = Debug|Any CPU
		{0456C1E2-AD15-4FC9-A3EE-94E67AF6AC08}.Release|Any CPU.ActiveCfg = Release|Any CPU
		{0456C1E2-AD15-4FC9-A3EE-94E67AF6AC08}.Release|Any CPU.Build.0 = Release|Any CPU
		{25B8FEF7-E78F-4C44-AEE6-BFC3CEBD55C8}.Debug|Any CPU.ActiveCfg = Debug|Any CPU
		{25B8FEF7-E78F-4C44-AEE6-BFC3CEBD55C8}.Debug|Any CPU.Build.0 = Debug|Any CPU
		{25B8FEF7-E78F-4C44-AEE6-BFC3CEBD55C8}.Release|Any CPU.ActiveCfg = Release|Any CPU
		{25B8FEF7-E78F-4C44-AEE6-BFC3CEBD55C8}.Release|Any CPU.Build.0 = Release|Any CPU
		{61D89B9C-5853-4EE6-9DEB-B4A180B8F4E9}.Debug|Any CPU.ActiveCfg = Debug|Any CPU
		{61D89B9C-5853-4EE6-9DEB-B4A180B8F4E9}.Debug|Any CPU.Build.0 = Debug|Any CPU
		{61D89B9C-5853-4EE6-9DEB-B4A180B8F4E9}.Release|Any CPU.ActiveCfg = Release|Any CPU
		{61D89B9C-5853-4EE6-9DEB-B4A180B8F4E9}.Release|Any CPU.Build.0 = Release|Any CPU
		{A060D053-DB93-46CA-9F73-433359D66B5A}.Debug|Any CPU.ActiveCfg = Debug|Any CPU
		{A060D053-DB93-46CA-9F73-433359D66B5A}.Debug|Any CPU.Build.0 = Debug|Any CPU
		{A060D053-DB93-46CA-9F73-433359D66B5A}.Release|Any CPU.ActiveCfg = Release|Any CPU
		{A060D053-DB93-46CA-9F73-433359D66B5A}.Release|Any CPU.Build.0 = Release|Any CPU
		{EFD06BFB-7C0E-4221-84AF-F5E75DE0F8B7}.Debug|Any CPU.ActiveCfg = Debug|Any CPU
		{EFD06BFB-7C0E-4221-84AF-F5E75DE0F8B7}.Debug|Any CPU.Build.0 = Debug|Any CPU
		{EFD06BFB-7C0E-4221-84AF-F5E75DE0F8B7}.Release|Any CPU.ActiveCfg = Release|Any CPU
		{EFD06BFB-7C0E-4221-84AF-F5E75DE0F8B7}.Release|Any CPU.Build.0 = Release|Any CPU
		{2C3B2BFF-1C9C-4292-BE56-197414C7D85F}.Debug|Any CPU.ActiveCfg = Debug|Any CPU
		{2C3B2BFF-1C9C-4292-BE56-197414C7D85F}.Debug|Any CPU.Build.0 = Debug|Any CPU
		{2C3B2BFF-1C9C-4292-BE56-197414C7D85F}.Release|Any CPU.ActiveCfg = Release|Any CPU
		{2C3B2BFF-1C9C-4292-BE56-197414C7D85F}.Release|Any CPU.Build.0 = Release|Any CPU
		{F457F8BC-F205-4FDC-9924-108FADA794EE}.Debug|Any CPU.ActiveCfg = Debug|Any CPU
		{F457F8BC-F205-4FDC-9924-108FADA794EE}.Debug|Any CPU.Build.0 = Debug|Any CPU
		{F457F8BC-F205-4FDC-9924-108FADA794EE}.Release|Any CPU.ActiveCfg = Release|Any CPU
		{F457F8BC-F205-4FDC-9924-108FADA794EE}.Release|Any CPU.Build.0 = Release|Any CPU
	EndGlobalSection
	GlobalSection(SolutionProperties) = preSolution
		HideSolutionNode = FALSE
	EndGlobalSection
	GlobalSection(ExtensibilityGlobals) = postSolution
		SolutionGuid = {7AB2D3EC-6B57-4F7C-8E32-1818084C8B53}
	EndGlobalSection
EndGlobal
